// !$*UTF8*$!
{
	archiveVersion = 1;
	classes = {
	};
	objectVersion = 50;
	objects = {

/* Begin PBXBuildFile section */
		A243D17525EDE8D500E55668 /* AppDelegate.swift in Sources */ = {isa = PBXBuildFile; fileRef = A243D17425EDE8D500E55668 /* AppDelegate.swift */; };
		A243D17725EDE8D500E55668 /* SceneDelegate.swift in Sources */ = {isa = PBXBuildFile; fileRef = A243D17625EDE8D500E55668 /* SceneDelegate.swift */; };
		A243D17925EDE8D600E55668 /* ViewController.swift in Sources */ = {isa = PBXBuildFile; fileRef = A243D17825EDE8D600E55668 /* ViewController.swift */; };
		A243D17C25EDE8D600E55668 /* Main.storyboard in Resources */ = {isa = PBXBuildFile; fileRef = A243D17A25EDE8D600E55668 /* Main.storyboard */; };
		A243D17F25EDE8D600E55668 /* Albums.xcdatamodeld in Sources */ = {isa = PBXBuildFile; fileRef = A243D17D25EDE8D600E55668 /* Albums.xcdatamodeld */; };
		A243D18125EDE8D700E55668 /* Assets.xcassets in Resources */ = {isa = PBXBuildFile; fileRef = A243D18025EDE8D700E55668 /* Assets.xcassets */; };
		A243D18425EDE8D700E55668 /* LaunchScreen.storyboard in Resources */ = {isa = PBXBuildFile; fileRef = A243D18225EDE8D700E55668 /* LaunchScreen.storyboard */; };
		A243D18F25EDE8D700E55668 /* AlbumsTests.swift in Sources */ = {isa = PBXBuildFile; fileRef = A243D18E25EDE8D700E55668 /* AlbumsTests.swift */; };
		A243D19A25EDE8D700E55668 /* AlbumsUITests.swift in Sources */ = {isa = PBXBuildFile; fileRef = A243D19925EDE8D700E55668 /* AlbumsUITests.swift */; };
/* End PBXBuildFile section */

/* Begin PBXContainerItemProxy section */
		A243D18B25EDE8D700E55668 /* PBXContainerItemProxy */ = {
			isa = PBXContainerItemProxy;
			containerPortal = A243D16925EDE8D500E55668 /* Project object */;
			proxyType = 1;
			remoteGlobalIDString = A243D17025EDE8D500E55668;
			remoteInfo = Albums;
		};
		A243D19625EDE8D700E55668 /* PBXContainerItemProxy */ = {
			isa = PBXContainerItemProxy;
			containerPortal = A243D16925EDE8D500E55668 /* Project object */;
			proxyType = 1;
			remoteGlobalIDString = A243D17025EDE8D500E55668;
			remoteInfo = Albums;
		};
/* End PBXContainerItemProxy section */

/* Begin PBXFileReference section */
		A243D17125EDE8D500E55668 /* Albums.app */ = {isa = PBXFileReference; explicitFileType = wrapper.application; includeInIndex = 0; path = Albums.app; sourceTree = BUILT_PRODUCTS_DIR; };
		A243D17425EDE8D500E55668 /* AppDelegate.swift */ = {isa = PBXFileReference; lastKnownFileType = sourcecode.swift; path = AppDelegate.swift; sourceTree = "<group>"; };
		A243D17625EDE8D500E55668 /* SceneDelegate.swift */ = {isa = PBXFileReference; lastKnownFileType = sourcecode.swift; path = SceneDelegate.swift; sourceTree = "<group>"; };
		A243D17825EDE8D600E55668 /* ViewController.swift */ = {isa = PBXFileReference; lastKnownFileType = sourcecode.swift; path = ViewController.swift; sourceTree = "<group>"; };
		A243D17B25EDE8D600E55668 /* Base */ = {isa = PBXFileReference; lastKnownFileType = file.storyboard; name = Base; path = Base.lproj/Main.storyboard; sourceTree = "<group>"; };
		A243D17E25EDE8D600E55668 /* Albums.xcdatamodel */ = {isa = PBXFileReference; lastKnownFileType = wrapper.xcdatamodel; path = Albums.xcdatamodel; sourceTree = "<group>"; };
		A243D18025EDE8D700E55668 /* Assets.xcassets */ = {isa = PBXFileReference; lastKnownFileType = folder.assetcatalog; path = Assets.xcassets; sourceTree = "<group>"; };
		A243D18325EDE8D700E55668 /* Base */ = {isa = PBXFileReference; lastKnownFileType = file.storyboard; name = Base; path = Base.lproj/LaunchScreen.storyboard; sourceTree = "<group>"; };
		A243D18525EDE8D700E55668 /* Info.plist */ = {isa = PBXFileReference; lastKnownFileType = text.plist.xml; path = Info.plist; sourceTree = "<group>"; };
		A243D18A25EDE8D700E55668 /* AlbumsTests.xctest */ = {isa = PBXFileReference; explicitFileType = wrapper.cfbundle; includeInIndex = 0; path = AlbumsTests.xctest; sourceTree = BUILT_PRODUCTS_DIR; };
		A243D18E25EDE8D700E55668 /* AlbumsTests.swift */ = {isa = PBXFileReference; lastKnownFileType = sourcecode.swift; path = AlbumsTests.swift; sourceTree = "<group>"; };
		A243D19025EDE8D700E55668 /* Info.plist */ = {isa = PBXFileReference; lastKnownFileType = text.plist.xml; path = Info.plist; sourceTree = "<group>"; };
		A243D19525EDE8D700E55668 /* AlbumsUITests.xctest */ = {isa = PBXFileReference; explicitFileType = wrapper.cfbundle; includeInIndex = 0; path = AlbumsUITests.xctest; sourceTree = BUILT_PRODUCTS_DIR; };
		A243D19925EDE8D700E55668 /* AlbumsUITests.swift */ = {isa = PBXFileReference; lastKnownFileType = sourcecode.swift; path = AlbumsUITests.swift; sourceTree = "<group>"; };
		A243D19B25EDE8D700E55668 /* Info.plist */ = {isa = PBXFileReference; lastKnownFileType = text.plist.xml; path = Info.plist; sourceTree = "<group>"; };
/* End PBXFileReference section */

/* Begin PBXFrameworksBuildPhase section */
		A243D16E25EDE8D500E55668 /* Frameworks */ = {
			isa = PBXFrameworksBuildPhase;
			buildActionMask = 2147483647;
			files = (
			);
			runOnlyForDeploymentPostprocessing = 0;
		};
		A243D18725EDE8D700E55668 /* Frameworks */ = {
			isa = PBXFrameworksBuildPhase;
			buildActionMask = 2147483647;
			files = (
			);
			runOnlyForDeploymentPostprocessing = 0;
		};
		A243D19225EDE8D700E55668 /* Frameworks */ = {
			isa = PBXFrameworksBuildPhase;
			buildActionMask = 2147483647;
			files = (
			);
			runOnlyForDeploymentPostprocessing = 0;
		};
/* End PBXFrameworksBuildPhase section */

/* Begin PBXGroup section */
		A243D16825EDE8D500E55668 = {
			isa = PBXGroup;
			children = (
				A243D17325EDE8D500E55668 /* Albums */,
				A243D18D25EDE8D700E55668 /* AlbumsTests */,
				A243D19825EDE8D700E55668 /* AlbumsUITests */,
				A243D17225EDE8D500E55668 /* Products */,
			);
			sourceTree = "<group>";
		};
		A243D17225EDE8D500E55668 /* Products */ = {
			isa = PBXGroup;
			children = (
				A243D17125EDE8D500E55668 /* Albums.app */,
				A243D18A25EDE8D700E55668 /* AlbumsTests.xctest */,
				A243D19525EDE8D700E55668 /* AlbumsUITests.xctest */,
			);
			name = Products;
			sourceTree = "<group>";
		};
		A243D17325EDE8D500E55668 /* Albums */ = {
			isa = PBXGroup;
			children = (
				A243D17425EDE8D500E55668 /* AppDelegate.swift */,
				A243D17625EDE8D500E55668 /* SceneDelegate.swift */,
				A243D17825EDE8D600E55668 /* ViewController.swift */,
				A243D17A25EDE8D600E55668 /* Main.storyboard */,
				A243D18025EDE8D700E55668 /* Assets.xcassets */,
				A243D18225EDE8D700E55668 /* LaunchScreen.storyboard */,
				A243D18525EDE8D700E55668 /* Info.plist */,
				A243D17D25EDE8D600E55668 /* Albums.xcdatamodeld */,
			);
			path = Albums;
			sourceTree = "<group>";
		};
		A243D18D25EDE8D700E55668 /* AlbumsTests */ = {
			isa = PBXGroup;
			children = (
				A243D18E25EDE8D700E55668 /* AlbumsTests.swift */,
				A243D19025EDE8D700E55668 /* Info.plist */,
			);
			path = AlbumsTests;
			sourceTree = "<group>";
		};
		A243D19825EDE8D700E55668 /* AlbumsUITests */ = {
			isa = PBXGroup;
			children = (
				A243D19925EDE8D700E55668 /* AlbumsUITests.swift */,
				A243D19B25EDE8D700E55668 /* Info.plist */,
			);
			path = AlbumsUITests;
			sourceTree = "<group>";
		};
/* End PBXGroup section */

/* Begin PBXNativeTarget section */
		A243D17025EDE8D500E55668 /* Albums */ = {
			isa = PBXNativeTarget;
			buildConfigurationList = A243D19E25EDE8D700E55668 /* Build configuration list for PBXNativeTarget "Albums" */;
			buildPhases = (
				A243D16D25EDE8D500E55668 /* Sources */,
				A243D16E25EDE8D500E55668 /* Frameworks */,
				A243D16F25EDE8D500E55668 /* Resources */,
			);
			buildRules = (
			);
			dependencies = (
			);
			name = Albums;
			productName = Albums;
			productReference = A243D17125EDE8D500E55668 /* Albums.app */;
			productType = "com.apple.product-type.application";
		};
		A243D18925EDE8D700E55668 /* AlbumsTests */ = {
			isa = PBXNativeTarget;
			buildConfigurationList = A243D1A125EDE8D700E55668 /* Build configuration list for PBXNativeTarget "AlbumsTests" */;
			buildPhases = (
				A243D18625EDE8D700E55668 /* Sources */,
				A243D18725EDE8D700E55668 /* Frameworks */,
				A243D18825EDE8D700E55668 /* Resources */,
			);
			buildRules = (
			);
			dependencies = (
				A243D18C25EDE8D700E55668 /* PBXTargetDependency */,
			);
			name = AlbumsTests;
			productName = AlbumsTests;
			productReference = A243D18A25EDE8D700E55668 /* AlbumsTests.xctest */;
			productType = "com.apple.product-type.bundle.unit-test";
		};
		A243D19425EDE8D700E55668 /* AlbumsUITests */ = {
			isa = PBXNativeTarget;
			buildConfigurationList = A243D1A425EDE8D700E55668 /* Build configuration list for PBXNativeTarget "AlbumsUITests" */;
			buildPhases = (
				A243D19125EDE8D700E55668 /* Sources */,
				A243D19225EDE8D700E55668 /* Frameworks */,
				A243D19325EDE8D700E55668 /* Resources */,
			);
			buildRules = (
			);
			dependencies = (
				A243D19725EDE8D700E55668 /* PBXTargetDependency */,
			);
			name = AlbumsUITests;
			productName = AlbumsUITests;
			productReference = A243D19525EDE8D700E55668 /* AlbumsUITests.xctest */;
			productType = "com.apple.product-type.bundle.ui-testing";
		};
/* End PBXNativeTarget section */

/* Begin PBXProject section */
		A243D16925EDE8D500E55668 /* Project object */ = {
			isa = PBXProject;
			attributes = {
				LastSwiftUpdateCheck = 1230;
				LastUpgradeCheck = 1230;
				TargetAttributes = {
					A243D17025EDE8D500E55668 = {
						CreatedOnToolsVersion = 12.3;
					};
					A243D18925EDE8D700E55668 = {
						CreatedOnToolsVersion = 12.3;
						TestTargetID = A243D17025EDE8D500E55668;
					};
					A243D19425EDE8D700E55668 = {
						CreatedOnToolsVersion = 12.3;
						TestTargetID = A243D17025EDE8D500E55668;
					};
				};
			};
			buildConfigurationList = A243D16C25EDE8D500E55668 /* Build configuration list for PBXProject "Albums" */;
			compatibilityVersion = "Xcode 9.3";
			developmentRegion = en;
			hasScannedForEncodings = 0;
			knownRegions = (
				en,
				Base,
			);
			mainGroup = A243D16825EDE8D500E55668;
			productRefGroup = A243D17225EDE8D500E55668 /* Products */;
			projectDirPath = "";
			projectRoot = "";
			targets = (
				A243D17025EDE8D500E55668 /* Albums */,
				A243D18925EDE8D700E55668 /* AlbumsTests */,
				A243D19425EDE8D700E55668 /* AlbumsUITests */,
			);
		};
/* End PBXProject section */

/* Begin PBXResourcesBuildPhase section */
		A243D16F25EDE8D500E55668 /* Resources */ = {
			isa = PBXResourcesBuildPhase;
			buildActionMask = 2147483647;
			files = (
				A243D18425EDE8D700E55668 /* LaunchScreen.storyboard in Resources */,
				A243D18125EDE8D700E55668 /* Assets.xcassets in Resources */,
				A243D17C25EDE8D600E55668 /* Main.storyboard in Resources */,
			);
			runOnlyForDeploymentPostprocessing = 0;
		};
		A243D18825EDE8D700E55668 /* Resources */ = {
			isa = PBXResourcesBuildPhase;
			buildActionMask = 2147483647;
			files = (
			);
			runOnlyForDeploymentPostprocessing = 0;
		};
		A243D19325EDE8D700E55668 /* Resources */ = {
			isa = PBXResourcesBuildPhase;
			buildActionMask = 2147483647;
			files = (
			);
			runOnlyForDeploymentPostprocessing = 0;
		};
/* End PBXResourcesBuildPhase section */

/* Begin PBXSourcesBuildPhase section */
		A243D16D25EDE8D500E55668 /* Sources */ = {
			isa = PBXSourcesBuildPhase;
			buildActionMask = 2147483647;
			files = (
				A243D17925EDE8D600E55668 /* ViewController.swift in Sources */,
				A243D17525EDE8D500E55668 /* AppDelegate.swift in Sources */,
				A243D17725EDE8D500E55668 /* SceneDelegate.swift in Sources */,
				A243D17F25EDE8D600E55668 /* Albums.xcdatamodeld in Sources */,
			);
			runOnlyForDeploymentPostprocessing = 0;
		};
		A243D18625EDE8D700E55668 /* Sources */ = {
			isa = PBXSourcesBuildPhase;
			buildActionMask = 2147483647;
			files = (
				A243D18F25EDE8D700E55668 /* AlbumsTests.swift in Sources */,
			);
			runOnlyForDeploymentPostprocessing = 0;
		};
		A243D19125EDE8D700E55668 /* Sources */ = {
			isa = PBXSourcesBuildPhase;
			buildActionMask = 2147483647;
			files = (
				A243D19A25EDE8D700E55668 /* AlbumsUITests.swift in Sources */,
			);
			runOnlyForDeploymentPostprocessing = 0;
		};
/* End PBXSourcesBuildPhase section */

/* Begin PBXTargetDependency section */
		A243D18C25EDE8D700E55668 /* PBXTargetDependency */ = {
			isa = PBXTargetDependency;
			target = A243D17025EDE8D500E55668 /* Albums */;
			targetProxy = A243D18B25EDE8D700E55668 /* PBXContainerItemProxy */;
		};
		A243D19725EDE8D700E55668 /* PBXTargetDependency */ = {
			isa = PBXTargetDependency;
			target = A243D17025EDE8D500E55668 /* Albums */;
			targetProxy = A243D19625EDE8D700E55668 /* PBXContainerItemProxy */;
		};
/* End PBXTargetDependency section */

/* Begin PBXVariantGroup section */
		A243D17A25EDE8D600E55668 /* Main.storyboard */ = {
			isa = PBXVariantGroup;
			children = (
				A243D17B25EDE8D600E55668 /* Base */,
			);
			name = Main.storyboard;
			sourceTree = "<group>";
		};
		A243D18225EDE8D700E55668 /* LaunchScreen.storyboard */ = {
			isa = PBXVariantGroup;
			children = (
				A243D18325EDE8D700E55668 /* Base */,
			);
			name = LaunchScreen.storyboard;
			sourceTree = "<group>";
		};
/* End PBXVariantGroup section */

/* Begin XCBuildConfiguration section */
		A243D19C25EDE8D700E55668 /* Debug */ = {
			isa = XCBuildConfiguration;
			buildSettings = {
				ALWAYS_SEARCH_USER_PATHS = NO;
				CLANG_ANALYZER_NONNULL = YES;
				CLANG_ANALYZER_NUMBER_OBJECT_CONVERSION = YES_AGGRESSIVE;
				CLANG_CXX_LANGUAGE_STANDARD = "gnu++14";
				CLANG_CXX_LIBRARY = "libc++";
				CLANG_ENABLE_MODULES = YES;
				CLANG_ENABLE_OBJC_ARC = YES;
				CLANG_ENABLE_OBJC_WEAK = YES;
				CLANG_WARN_BLOCK_CAPTURE_AUTORELEASING = YES;
				CLANG_WARN_BOOL_CONVERSION = YES;
				CLANG_WARN_COMMA = YES;
				CLANG_WARN_CONSTANT_CONVERSION = YES;
				CLANG_WARN_DEPRECATED_OBJC_IMPLEMENTATIONS = YES;
				CLANG_WARN_DIRECT_OBJC_ISA_USAGE = YES_ERROR;
				CLANG_WARN_DOCUMENTATION_COMMENTS = YES;
				CLANG_WARN_EMPTY_BODY = YES;
				CLANG_WARN_ENUM_CONVERSION = YES;
				CLANG_WARN_INFINITE_RECURSION = YES;
				CLANG_WARN_INT_CONVERSION = YES;
				CLANG_WARN_NON_LITERAL_NULL_CONVERSION = YES;
				CLANG_WARN_OBJC_IMPLICIT_RETAIN_SELF = YES;
				CLANG_WARN_OBJC_LITERAL_CONVERSION = YES;
				CLANG_WARN_OBJC_ROOT_CLASS = YES_ERROR;
				CLANG_WARN_QUOTED_INCLUDE_IN_FRAMEWORK_HEADER = YES;
				CLANG_WARN_RANGE_LOOP_ANALYSIS = YES;
				CLANG_WARN_STRICT_PROTOTYPES = YES;
				CLANG_WARN_SUSPICIOUS_MOVE = YES;
				CLANG_WARN_UNGUARDED_AVAILABILITY = YES_AGGRESSIVE;
				CLANG_WARN_UNREACHABLE_CODE = YES;
				CLANG_WARN__DUPLICATE_METHOD_MATCH = YES;
				COPY_PHASE_STRIP = NO;
				DEBUG_INFORMATION_FORMAT = dwarf;
				ENABLE_STRICT_OBJC_MSGSEND = YES;
				ENABLE_TESTABILITY = YES;
				GCC_C_LANGUAGE_STANDARD = gnu11;
				GCC_DYNAMIC_NO_PIC = NO;
				GCC_NO_COMMON_BLOCKS = YES;
				GCC_OPTIMIZATION_LEVEL = 0;
				GCC_PREPROCESSOR_DEFINITIONS = (
					"DEBUG=1",
					"$(inherited)",
				);
				GCC_WARN_64_TO_32_BIT_CONVERSION = YES;
				GCC_WARN_ABOUT_RETURN_TYPE = YES_ERROR;
				GCC_WARN_UNDECLARED_SELECTOR = YES;
				GCC_WARN_UNINITIALIZED_AUTOS = YES_AGGRESSIVE;
				GCC_WARN_UNUSED_FUNCTION = YES;
				GCC_WARN_UNUSED_VARIABLE = YES;
				IPHONEOS_DEPLOYMENT_TARGET = 14.3;
				MTL_ENABLE_DEBUG_INFO = INCLUDE_SOURCE;
				MTL_FAST_MATH = YES;
				ONLY_ACTIVE_ARCH = YES;
				SDKROOT = iphoneos;
				SWIFT_ACTIVE_COMPILATION_CONDITIONS = DEBUG;
				SWIFT_OPTIMIZATION_LEVEL = "-Onone";
			};
			name = Debug;
		};
		A243D19D25EDE8D700E55668 /* Release */ = {
			isa = XCBuildConfiguration;
			buildSettings = {
				ALWAYS_SEARCH_USER_PATHS = NO;
				CLANG_ANALYZER_NONNULL = YES;
				CLANG_ANALYZER_NUMBER_OBJECT_CONVERSION = YES_AGGRESSIVE;
				CLANG_CXX_LANGUAGE_STANDARD = "gnu++14";
				CLANG_CXX_LIBRARY = "libc++";
				CLANG_ENABLE_MODULES = YES;
				CLANG_ENABLE_OBJC_ARC = YES;
				CLANG_ENABLE_OBJC_WEAK = YES;
				CLANG_WARN_BLOCK_CAPTURE_AUTORELEASING = YES;
				CLANG_WARN_BOOL_CONVERSION = YES;
				CLANG_WARN_COMMA = YES;
				CLANG_WARN_CONSTANT_CONVERSION = YES;
				CLANG_WARN_DEPRECATED_OBJC_IMPLEMENTATIONS = YES;
				CLANG_WARN_DIRECT_OBJC_ISA_USAGE = YES_ERROR;
				CLANG_WARN_DOCUMENTATION_COMMENTS = YES;
				CLANG_WARN_EMPTY_BODY = YES;
				CLANG_WARN_ENUM_CONVERSION = YES;
				CLANG_WARN_INFINITE_RECURSION = YES;
				CLANG_WARN_INT_CONVERSION = YES;
				CLANG_WARN_NON_LITERAL_NULL_CONVERSION = YES;
				CLANG_WARN_OBJC_IMPLICIT_RETAIN_SELF = YES;
				CLANG_WARN_OBJC_LITERAL_CONVERSION = YES;
				CLANG_WARN_OBJC_ROOT_CLASS = YES_ERROR;
				CLANG_WARN_QUOTED_INCLUDE_IN_FRAMEWORK_HEADER = YES;
				CLANG_WARN_RANGE_LOOP_ANALYSIS = YES;
				CLANG_WARN_STRICT_PROTOTYPES = YES;
				CLANG_WARN_SUSPICIOUS_MOVE = YES;
				CLANG_WARN_UNGUARDED_AVAILABILITY = YES_AGGRESSIVE;
				CLANG_WARN_UNREACHABLE_CODE = YES;
				CLANG_WARN__DUPLICATE_METHOD_MATCH = YES;
				COPY_PHASE_STRIP = NO;
				DEBUG_INFORMATION_FORMAT = "dwarf-with-dsym";
				ENABLE_NS_ASSERTIONS = NO;
				ENABLE_STRICT_OBJC_MSGSEND = YES;
				GCC_C_LANGUAGE_STANDARD = gnu11;
				GCC_NO_COMMON_BLOCKS = YES;
				GCC_WARN_64_TO_32_BIT_CONVERSION = YES;
				GCC_WARN_ABOUT_RETURN_TYPE = YES_ERROR;
				GCC_WARN_UNDECLARED_SELECTOR = YES;
				GCC_WARN_UNINITIALIZED_AUTOS = YES_AGGRESSIVE;
				GCC_WARN_UNUSED_FUNCTION = YES;
				GCC_WARN_UNUSED_VARIABLE = YES;
				IPHONEOS_DEPLOYMENT_TARGET = 14.3;
				MTL_ENABLE_DEBUG_INFO = NO;
				MTL_FAST_MATH = YES;
				SDKROOT = iphoneos;
				SWIFT_COMPILATION_MODE = wholemodule;
				SWIFT_OPTIMIZATION_LEVEL = "-O";
				VALIDATE_PRODUCT = YES;
			};
			name = Release;
		};
		A243D19F25EDE8D700E55668 /* Debug */ = {
			isa = XCBuildConfiguration;
			buildSettings = {
				ASSETCATALOG_COMPILER_APPICON_NAME = AppIcon;
				ASSETCATALOG_COMPILER_GLOBAL_ACCENT_COLOR_NAME = AccentColor;
				CODE_SIGN_STYLE = Automatic;
				INFOPLIST_FILE = Albums/Info.plist;
				LD_RUNPATH_SEARCH_PATHS = (
					"$(inherited)",
					"@executable_path/Frameworks",
				);
				PRODUCT_BUNDLE_IDENTIFIER = com.flexisource.Albums;
				PRODUCT_NAME = "$(TARGET_NAME)";
				SWIFT_VERSION = 5.0;
				TARGETED_DEVICE_FAMILY = "1,2";
			};
			name = Debug;
		};
		A243D1A025EDE8D700E55668 /* Release */ = {
			isa = XCBuildConfiguration;
			buildSettings = {
				ASSETCATALOG_COMPILER_APPICON_NAME = AppIcon;
				ASSETCATALOG_COMPILER_GLOBAL_ACCENT_COLOR_NAME = AccentColor;
				CODE_SIGN_STYLE = Automatic;
				INFOPLIST_FILE = Albums/Info.plist;
				LD_RUNPATH_SEARCH_PATHS = (
					"$(inherited)",
					"@executable_path/Frameworks",
				);
				PRODUCT_BUNDLE_IDENTIFIER = com.flexisource.Albums;
				PRODUCT_NAME = "$(TARGET_NAME)";
				SWIFT_VERSION = 5.0;
				TARGETED_DEVICE_FAMILY = "1,2";
			};
			name = Release;
		};
		A243D1A225EDE8D700E55668 /* Debug */ = {
			isa = XCBuildConfiguration;
			buildSettings = {
				ALWAYS_EMBED_SWIFT_STANDARD_LIBRARIES = YES;
				BUNDLE_LOADER = "$(TEST_HOST)";
				CODE_SIGN_STYLE = Automatic;
				INFOPLIST_FILE = AlbumsTests/Info.plist;
				IPHONEOS_DEPLOYMENT_TARGET = 14.3;
				LD_RUNPATH_SEARCH_PATHS = (
					"$(inherited)",
					"@executable_path/Frameworks",
					"@loader_path/Frameworks",
				);
				PRODUCT_BUNDLE_IDENTIFIER = com.flexisource.AlbumsTests;
				PRODUCT_NAME = "$(TARGET_NAME)";
				SWIFT_VERSION = 5.0;
				TARGETED_DEVICE_FAMILY = "1,2";
				TEST_HOST = "$(BUILT_PRODUCTS_DIR)/Albums.app/Albums";
			};
			name = Debug;
		};
		A243D1A325EDE8D700E55668 /* Release */ = {
			isa = XCBuildConfiguration;
			buildSettings = {
				ALWAYS_EMBED_SWIFT_STANDARD_LIBRARIES = YES;
				BUNDLE_LOADER = "$(TEST_HOST)";
				CODE_SIGN_STYLE = Automatic;
				INFOPLIST_FILE = AlbumsTests/Info.plist;
				IPHONEOS_DEPLOYMENT_TARGET = 14.3;
				LD_RUNPATH_SEARCH_PATHS = (
					"$(inherited)",
					"@executable_path/Frameworks",
					"@loader_path/Frameworks",
				);
				PRODUCT_BUNDLE_IDENTIFIER = com.flexisource.AlbumsTests;
				PRODUCT_NAME = "$(TARGET_NAME)";
				SWIFT_VERSION = 5.0;
				TARGETED_DEVICE_FAMILY = "1,2";
				TEST_HOST = "$(BUILT_PRODUCTS_DIR)/Albums.app/Albums";
			};
			name = Release;
		};
		A243D1A525EDE8D700E55668 /* Debug */ = {
			isa = XCBuildConfiguration;
			buildSettings = {
				ALWAYS_EMBED_SWIFT_STANDARD_LIBRARIES = YES;
				CODE_SIGN_STYLE = Automatic;
				INFOPLIST_FILE = AlbumsUITests/Info.plist;
				LD_RUNPATH_SEARCH_PATHS = (
					"$(inherited)",
					"@executable_path/Frameworks",
					"@loader_path/Frameworks",
				);
				PRODUCT_BUNDLE_IDENTIFIER = com.flexisource.AlbumsUITests;
				PRODUCT_NAME = "$(TARGET_NAME)";
				SWIFT_VERSION = 5.0;
				TARGETED_DEVICE_FAMILY = "1,2";
				TEST_TARGET_NAME = Albums;
			};
			name = Debug;
		};
		A243D1A625EDE8D700E55668 /* Release */ = {
			isa = XCBuildConfiguration;
			buildSettings = {
				ALWAYS_EMBED_SWIFT_STANDARD_LIBRARIES = YES;
				CODE_SIGN_STYLE = Automatic;
				INFOPLIST_FILE = AlbumsUITests/Info.plist;
				LD_RUNPATH_SEARCH_PATHS = (
					"$(inherited)",
					"@executable_path/Frameworks",
					"@loader_path/Frameworks",
				);
				PRODUCT_BUNDLE_IDENTIFIER = com.flexisource.AlbumsUITests;
				PRODUCT_NAME = "$(TARGET_NAME)";
				SWIFT_VERSION = 5.0;
				TARGETED_DEVICE_FAMILY = "1,2";
				TEST_TARGET_NAME = Albums;
			};
			name = Release;
		};
/* End XCBuildConfiguration section */

/* Begin XCConfigurationList section */
		A243D16C25EDE8D500E55668 /* Build configuration list for PBXProject "Albums" */ = {
			isa = XCConfigurationList;
			buildConfigurations = (
				A243D19C25EDE8D700E55668 /* Debug */,
				A243D19D25EDE8D700E55668 /* Release */,
			);
			defaultConfigurationIsVisible = 0;
			defaultConfigurationName = Release;
		};
		A243D19E25EDE8D700E55668 /* Build configuration list for PBXNativeTarget "Albums" */ = {
			isa = XCConfigurationList;
			buildConfigurations = (
				A243D19F25EDE8D700E55668 /* Debug */,
				A243D1A025EDE8D700E55668 /* Release */,
			);
			defaultConfigurationIsVisible = 0;
			defaultConfigurationName = Release;
		};
		A243D1A125EDE8D700E55668 /* Build configuration list for PBXNativeTarget "AlbumsTests" */ = {
			isa = XCConfigurationList;
			buildConfigurations = (
				A243D1A225EDE8D700E55668 /* Debug */,
				A243D1A325EDE8D700E55668 /* Release */,
			);
			defaultConfigurationIsVisible = 0;
			defaultConfigurationName = Release;
		};
		A243D1A425EDE8D700E55668 /* Build configuration list for PBXNativeTarget "AlbumsUITests" */ = {
			isa = XCConfigurationList;
			buildConfigurations = (
				A243D1A525EDE8D700E55668 /* Debug */,
				A243D1A625EDE8D700E55668 /* Release */,
			);
			defaultConfigurationIsVisible = 0;
			defaultConfigurationName = Release;
		};
/* End XCConfigurationList section */

/* Begin XCVersionGroup section */
		A243D17D25EDE8D600E55668 /* Albums.xcdatamodeld */ = {
			isa = XCVersionGroup;
			children = (
				A243D17E25EDE8D600E55668 /* Albums.xcdatamodel */,
			);
			currentVersion = A243D17E25EDE8D600E55668 /* Albums.xcdatamodel */;
			path = Albums.xcdatamodeld;
			sourceTree = "<group>";
			versionGroupType = wrapper.xcdatamodel;
		};
/* End XCVersionGroup section */
	};
	rootObject = A243D16925EDE8D500E55668 /* Project object */;
}
